
Microsoft Visual Studio Solution File, Format Version 12.00
# Visual Studio Version 17
VisualStudioVersion = 17.0.31903.59
MinimumVisualStudioVersion = 10.0.40219.1
Project("{2150E333-8FDC-42A3-9474-1A3956D46DE8}") = "FrontEnd", "FrontEnd", "{020854E7-309B-44FF-80D4-42994584A261}"
EndProject
Project("{9A19103F-16F7-4668-BE54-9A1E7A4F7556}") = "Mango.Web", "Mango.Web\Mango.Web.csproj", "{94B31079-7089-4F64-B094-55ED2E8DA6B7}"
EndProject
Project("{2150E333-8FDC-42A3-9474-1A3956D46DE8}") = "Services", "Services", "{1CC4F259-B57E-4898-9208-52516BA2CFFF}"
EndProject
Project("{9A19103F-16F7-4668-BE54-9A1E7A4F7556}") = "Mango.Services.ProductAPI", "Mango.Services.ProductAPI\Mango.Services.ProductAPI.csproj", "{E92A8353-F795-448E-8F20-04E759CF3150}"
EndProject
Project("{9A19103F-16F7-4668-BE54-9A1E7A4F7556}") = "Mnago.Services.Identity", "Mnago.Services.Identity\Mnago.Services.Identity.csproj", "{06F80840-C265-476D-9076-A095CFB2DDF0}"
EndProject
Project("{9A19103F-16F7-4668-BE54-9A1E7A4F7556}") = "Mango.Services.ShoppingCardAPI", "Mango.Services.ShoppingCardAPI\Mango.Services.ShoppingCardAPI.csproj", "{F8E7A17B-74FD-43A7-A837-41FDFF9C70D5}"
EndProject
Project("{9A19103F-16F7-4668-BE54-9A1E7A4F7556}") = "Mango.Services.CouponAPI", "Mango.Services.CouponAPI\Mango.Services.CouponAPI.csproj", "{EA317B5E-63E9-47BC-A269-679E5F6020A8}"
EndProject
Project("{2150E333-8FDC-42A3-9474-1A3956D46DE8}") = "Intgeration", "Intgeration", "{89D1D38A-64A4-4365-B7FC-2B610ED842A2}"
EndProject
Project("{9A19103F-16F7-4668-BE54-9A1E7A4F7556}") = "MangoMessageBus", "MangoMessageBus\MangoMessageBus.csproj", "{A93C0128-5B8C-4E1A-9067-C7B770BA2921}"
EndProject
Project("{9A19103F-16F7-4668-BE54-9A1E7A4F7556}") = "Mango.Services.OrderAPI", "Mango.Services.OrderAPI\Mango.Services.OrderAPI.csproj", "{746F3209-811C-4438-8D22-50CD5763E3D9}"
EndProject
Project("{2150E333-8FDC-42A3-9474-1A3956D46DE8}") = "Payments", "Payments", "{768F6C14-DC6C-480A-A06D-8853D44F53B7}"
EndProject
Project("{9A19103F-16F7-4668-BE54-9A1E7A4F7556}") = "PaymentProcessor", "PaymentProcessor\PaymentProcessor.csproj", "{AAE5CCE4-2829-4FD3-BF4A-84EF1E36B779}"
EndProject
Project("{9A19103F-16F7-4668-BE54-9A1E7A4F7556}") = "Mango.Services.PaymentAPI", "Mango.Services.PaymentAPI\Mango.Services.PaymentAPI.csproj", "{08BB570E-64DC-46FF-9BAB-068906969155}"
EndProject
Project("{9A19103F-16F7-4668-BE54-9A1E7A4F7556}") = "Mango.Services.Email", "Mango.Services.Email\Mango.Services.Email.csproj", "{1BB1F8F7-6EE5-422D-BBFB-8637BA9EBB4E}"
EndProject
Project("{2150E333-8FDC-42A3-9474-1A3956D46DE8}") = "Gateway", "Gateway", "{42F59291-E0B4-452F-B927-B112597166E5}"
EndProject
Project("{FAE04EC0-301F-11D3-BF4B-00C04F79EFBC}") = "Mango.GatewaySolution", "Mango.Gateway\Mango.GatewaySolution.csproj", "{D1E92687-13F7-40B3-9E62-ECA3400F8526}"
EndProject
Global
	GlobalSection(SolutionConfigurationPlatforms) = preSolution
		Debug|Any CPU = Debug|Any CPU
		Release|Any CPU = Release|Any CPU
	EndGlobalSection
	GlobalSection(ProjectConfigurationPlatforms) = postSolution
		{94B31079-7089-4F64-B094-55ED2E8DA6B7}.Debug|Any CPU.ActiveCfg = Debug|Any CPU
		{94B31079-7089-4F64-B094-55ED2E8DA6B7}.Debug|Any CPU.Build.0 = Debug|Any CPU
		{94B31079-7089-4F64-B094-55ED2E8DA6B7}.Release|Any CPU.ActiveCfg = Release|Any CPU
		{94B31079-7089-4F64-B094-55ED2E8DA6B7}.Release|Any CPU.Build.0 = Release|Any CPU
		{E92A8353-F795-448E-8F20-04E759CF3150}.Debug|Any CPU.ActiveCfg = Debug|Any CPU
		{E92A8353-F795-448E-8F20-04E759CF3150}.Debug|Any CPU.Build.0 = Debug|Any CPU
		{E92A8353-F795-448E-8F20-04E759CF3150}.Release|Any CPU.ActiveCfg = Release|Any CPU
		{E92A8353-F795-448E-8F20-04E759CF3150}.Release|Any CPU.Build.0 = Release|Any CPU
		{06F80840-C265-476D-9076-A095CFB2DDF0}.Debug|Any CPU.ActiveCfg = Debug|Any CPU
		{06F80840-C265-476D-9076-A095CFB2DDF0}.Debug|Any CPU.Build.0 = Debug|Any CPU
		{06F80840-C265-476D-9076-A095CFB2DDF0}.Release|Any CPU.ActiveCfg = Release|Any CPU
		{06F80840-C265-476D-9076-A095CFB2DDF0}.Release|Any CPU.Build.0 = Release|Any CPU
		{F8E7A17B-74FD-43A7-A837-41FDFF9C70D5}.Debug|Any CPU.ActiveCfg = Debug|Any CPU
		{F8E7A17B-74FD-43A7-A837-41FDFF9C70D5}.Debug|Any CPU.Build.0 = Debug|Any CPU
		{F8E7A17B-74FD-43A7-A837-41FDFF9C70D5}.Release|Any CPU.ActiveCfg = Release|Any CPU
		{F8E7A17B-74FD-43A7-A837-41FDFF9C70D5}.Release|Any CPU.Build.0 = Release|Any CPU
		{EA317B5E-63E9-47BC-A269-679E5F6020A8}.Debug|Any CPU.ActiveCfg = Debug|Any CPU
		{EA317B5E-63E9-47BC-A269-679E5F6020A8}.Debug|Any CPU.Build.0 = Debug|Any CPU
		{EA317B5E-63E9-47BC-A269-679E5F6020A8}.Release|Any CPU.ActiveCfg = Release|Any CPU
		{EA317B5E-63E9-47BC-A269-679E5F6020A8}.Release|Any CPU.Build.0 = Release|Any CPU
		{A93C0128-5B8C-4E1A-9067-C7B770BA2921}.Debug|Any CPU.ActiveCfg = Debug|Any CPU
		{A93C0128-5B8C-4E1A-9067-C7B770BA2921}.Debug|Any CPU.Build.0 = Debug|Any CPU
		{A93C0128-5B8C-4E1A-9067-C7B770BA2921}.Release|Any CPU.ActiveCfg = Release|Any CPU
		{A93C0128-5B8C-4E1A-9067-C7B770BA2921}.Release|Any CPU.Build.0 = Release|Any CPU
		{746F3209-811C-4438-8D22-50CD5763E3D9}.Debug|Any CPU.ActiveCfg = Debug|Any CPU
		{746F3209-811C-4438-8D22-50CD5763E3D9}.Debug|Any CPU.Build.0 = Debug|Any CPU
		{746F3209-811C-4438-8D22-50CD5763E3D9}.Release|Any CPU.ActiveCfg = Release|Any CPU
		{746F3209-811C-4438-8D22-50CD5763E3D9}.Release|Any CPU.Build.0 = Release|Any CPU
		{AAE5CCE4-2829-4FD3-BF4A-84EF1E36B779}.Debug|Any CPU.ActiveCfg = Debug|Any CPU
		{AAE5CCE4-2829-4FD3-BF4A-84EF1E36B779}.Debug|Any CPU.Build.0 = Debug|Any CPU
		{AAE5CCE4-2829-4FD3-BF4A-84EF1E36B779}.Release|Any CPU.ActiveCfg = Release|Any CPU
		{AAE5CCE4-2829-4FD3-BF4A-84EF1E36B779}.Release|Any CPU.Build.0 = Release|Any CPU
		{08BB570E-64DC-46FF-9BAB-068906969155}.Debug|Any CPU.ActiveCfg = Debug|Any CPU
		{08BB570E-64DC-46FF-9BAB-068906969155}.Debug|Any CPU.Build.0 = Debug|Any CPU
		{08BB570E-64DC-46FF-9BAB-068906969155}.Release|Any CPU.ActiveCfg = Release|Any CPU
		{08BB570E-64DC-46FF-9BAB-068906969155}.Release|Any CPU.Build.0 = Release|Any CPU
		{1BB1F8F7-6EE5-422D-BBFB-8637BA9EBB4E}.Debug|Any CPU.ActiveCfg = Debug|Any CPU
		{1BB1F8F7-6EE5-422D-BBFB-8637BA9EBB4E}.Debug|Any CPU.Build.0 = Debug|Any CPU
		{1BB1F8F7-6EE5-422D-BBFB-8637BA9EBB4E}.Release|Any CPU.ActiveCfg = Release|Any CPU
		{1BB1F8F7-6EE5-422D-BBFB-8637BA9EBB4E}.Release|Any CPU.Build.0 = Release|Any CPU
		{D1E92687-13F7-40B3-9E62-ECA3400F8526}.Debug|Any CPU.ActiveCfg = Debug|Any CPU
		{D1E92687-13F7-40B3-9E62-ECA3400F8526}.Debug|Any CPU.Build.0 = Debug|Any CPU
		{D1E92687-13F7-40B3-9E62-ECA3400F8526}.Release|Any CPU.ActiveCfg = Release|Any CPU
		{D1E92687-13F7-40B3-9E62-ECA3400F8526}.Release|Any CPU.Build.0 = Release|Any CPU
	EndGlobalSection
	GlobalSection(SolutionProperties) = preSolution
		HideSolutionNode = FALSE
	EndGlobalSection
	GlobalSection(NestedProjects) = preSolution
		{94B31079-7089-4F64-B094-55ED2E8DA6B7} = {020854E7-309B-44FF-80D4-42994584A261}
		{E92A8353-F795-448E-8F20-04E759CF3150} = {1CC4F259-B57E-4898-9208-52516BA2CFFF}
		{06F80840-C265-476D-9076-A095CFB2DDF0} = {1CC4F259-B57E-4898-9208-52516BA2CFFF}
		{F8E7A17B-74FD-43A7-A837-41FDFF9C70D5} = {1CC4F259-B57E-4898-9208-52516BA2CFFF}
		{EA317B5E-63E9-47BC-A269-679E5F6020A8} = {1CC4F259-B57E-4898-9208-52516BA2CFFF}
		{A93C0128-5B8C-4E1A-9067-C7B770BA2921} = {89D1D38A-64A4-4365-B7FC-2B610ED842A2}
		{746F3209-811C-4438-8D22-50CD5763E3D9} = {1CC4F259-B57E-4898-9208-52516BA2CFFF}
		{AAE5CCE4-2829-4FD3-BF4A-84EF1E36B779} = {768F6C14-DC6C-480A-A06D-8853D44F53B7}
		{08BB570E-64DC-46FF-9BAB-068906969155} = {1CC4F259-B57E-4898-9208-52516BA2CFFF}
		{1BB1F8F7-6EE5-422D-BBFB-8637BA9EBB4E} = {1CC4F259-B57E-4898-9208-52516BA2CFFF}
		{D1E92687-13F7-40B3-9E62-ECA3400F8526} = {42F59291-E0B4-452F-B927-B112597166E5}
	EndGlobalSection
	GlobalSection(ExtensibilityGlobals) = postSolution
		SolutionGuid = {C696113D-06DD-4305-ABB1-128719E9F7CB}
	EndGlobalSection
EndGlobal
